
Microsoft Visual Studio Solution File, Format Version 12.00
#
Project("{FAE04EC0-301F-11D3-BF4B-00C04F79EFBC}") = "MiniKata5", "MiniKata5\MiniKata5.csproj", "{B02E579C-5724-4A42-906F-A97723C40040}"
EndProject
Project("{FAE04EC0-301F-11D3-BF4B-00C04F79EFBC}") = "Kata5", "Kata5\Kata5.csproj", "{676BFAD5-6E7D-4754-9DCD-1A67BC19B308}"
EndProject
Project("{FAE04EC0-301F-11D3-BF4B-00C04F79EFBC}") = "MiniKata6", "MiniKata6\MiniKata6.csproj", "{54AAE32B-3DE7-450E-A4B5-194D45F0C35B}"
EndProject
Project("{FAE04EC0-301F-11D3-BF4B-00C04F79EFBC}") = "Kata6", "Kata6\Kata6.csproj", "{9780BFF1-AEE7-4993-8F4C-5FE8886E3430}"
EndProject
Project("{FAE04EC0-301F-11D3-BF4B-00C04F79EFBC}") = "MiniKata7", "MiniKata7\MiniKata7.csproj", "{3EADF0BD-F78F-445E-A890-000471FDAA7C}"
EndProject
Project("{FAE04EC0-301F-11D3-BF4B-00C04F79EFBC}") = "Kata7", "Kata7\Kata7.csproj", "{7A55D839-240C-4BE6-BE85-090B52C3D9BC}"
EndProject
Project("{FAE04EC0-301F-11D3-BF4B-00C04F79EFBC}") = "Kata8", "Kata8\Kata8.csproj", "{CDA3D48C-14E2-4367-88E7-487EF4D0808C}"
EndProject
Project("{FAE04EC0-301F-11D3-BF4B-00C04F79EFBC}") = "Kata9", "Kata9\Kata9.csproj", "{A9F2BEAE-ABEA-4CE7-A339-73491CF8AFB7}"
EndProject
Project("{FAE04EC0-301F-11D3-BF4B-00C04F79EFBC}") = "Kata10", "Kata10\Kata10.csproj", "{3F8DB737-4311-487C-A018-48D081B24F70}"
EndProject
Project("{FAE04EC0-301F-11D3-BF4B-00C04F79EFBC}") = "ExamKata", "ExamKata\ExamKata.csproj", "{DC1A34B7-96B0-49A4-AFA4-EEB7FADA5096}"
EndProject
Global
	GlobalSection(SolutionConfigurationPlatforms) = preSolution
		Debug|Any CPU = Debug|Any CPU
		Release|Any CPU = Release|Any CPU
	EndGlobalSection
	GlobalSection(ProjectConfigurationPlatforms) = postSolution
		{B02E579C-5724-4A42-906F-A97723C40040}.Debug|Any CPU.ActiveCfg = Debug|Any CPU
		{B02E579C-5724-4A42-906F-A97723C40040}.Debug|Any CPU.Build.0 = Debug|Any CPU
		{B02E579C-5724-4A42-906F-A97723C40040}.Release|Any CPU.ActiveCfg = Release|Any CPU
		{B02E579C-5724-4A42-906F-A97723C40040}.Release|Any CPU.Build.0 = Release|Any CPU
		{676BFAD5-6E7D-4754-9DCD-1A67BC19B308}.Debug|Any CPU.ActiveCfg = Debug|Any CPU
		{676BFAD5-6E7D-4754-9DCD-1A67BC19B308}.Debug|Any CPU.Build.0 = Debug|Any CPU
		{676BFAD5-6E7D-4754-9DCD-1A67BC19B308}.Release|Any CPU.ActiveCfg = Release|Any CPU
		{676BFAD5-6E7D-4754-9DCD-1A67BC19B308}.Release|Any CPU.Build.0 = Release|Any CPU
		{54AAE32B-3DE7-450E-A4B5-194D45F0C35B}.Debug|Any CPU.ActiveCfg = Debug|Any CPU
		{54AAE32B-3DE7-450E-A4B5-194D45F0C35B}.Debug|Any CPU.Build.0 = Debug|Any CPU
		{54AAE32B-3DE7-450E-A4B5-194D45F0C35B}.Release|Any CPU.ActiveCfg = Release|Any CPU
		{54AAE32B-3DE7-450E-A4B5-194D45F0C35B}.Release|Any CPU.Build.0 = Release|Any CPU
		{9780BFF1-AEE7-4993-8F4C-5FE8886E3430}.Debug|Any CPU.ActiveCfg = Debug|Any CPU
		{9780BFF1-AEE7-4993-8F4C-5FE8886E3430}.Debug|Any CPU.Build.0 = Debug|Any CPU
		{9780BFF1-AEE7-4993-8F4C-5FE8886E3430}.Release|Any CPU.ActiveCfg = Release|Any CPU
		{9780BFF1-AEE7-4993-8F4C-5FE8886E3430}.Release|Any CPU.Build.0 = Release|Any CPU
		{3EADF0BD-F78F-445E-A890-000471FDAA7C}.Debug|Any CPU.ActiveCfg = Debug|Any CPU
		{3EADF0BD-F78F-445E-A890-000471FDAA7C}.Debug|Any CPU.Build.0 = Debug|Any CPU
		{3EADF0BD-F78F-445E-A890-000471FDAA7C}.Release|Any CPU.ActiveCfg = Release|Any CPU
		{3EADF0BD-F78F-445E-A890-000471FDAA7C}.Release|Any CPU.Build.0 = Release|Any CPU
		{7A55D839-240C-4BE6-BE85-090B52C3D9BC}.Debug|Any CPU.ActiveCfg = Debug|Any CPU
		{7A55D839-240C-4BE6-BE85-090B52C3D9BC}.Debug|Any CPU.Build.0 = Debug|Any CPU
		{7A55D839-240C-4BE6-BE85-090B52C3D9BC}.Release|Any CPU.ActiveCfg = Release|Any CPU
		{7A55D839-240C-4BE6-BE85-090B52C3D9BC}.Release|Any CPU.Build.0 = Release|Any CPU
		{CDA3D48C-14E2-4367-88E7-487EF4D0808C}.Debug|Any CPU.ActiveCfg = Debug|Any CPU
		{CDA3D48C-14E2-4367-88E7-487EF4D0808C}.Debug|Any CPU.Build.0 = Debug|Any CPU
		{CDA3D48C-14E2-4367-88E7-487EF4D0808C}.Release|Any CPU.ActiveCfg = Release|Any CPU
		{CDA3D48C-14E2-4367-88E7-487EF4D0808C}.Release|Any CPU.Build.0 = Release|Any CPU
		{A9F2BEAE-ABEA-4CE7-A339-73491CF8AFB7}.Debug|Any CPU.ActiveCfg = Debug|Any CPU
		{A9F2BEAE-ABEA-4CE7-A339-73491CF8AFB7}.Debug|Any CPU.Build.0 = Debug|Any CPU
		{A9F2BEAE-ABEA-4CE7-A339-73491CF8AFB7}.Release|Any CPU.ActiveCfg = Release|Any CPU
		{A9F2BEAE-ABEA-4CE7-A339-73491CF8AFB7}.Release|Any CPU.Build.0 = Release|Any CPU
		{3F8DB737-4311-487C-A018-48D081B24F70}.Debug|Any CPU.ActiveCfg = Debug|Any CPU
		{3F8DB737-4311-487C-A018-48D081B24F70}.Debug|Any CPU.Build.0 = Debug|Any CPU
		{3F8DB737-4311-487C-A018-48D081B24F70}.Release|Any CPU.ActiveCfg = Release|Any CPU
		{3F8DB737-4311-487C-A018-48D081B24F70}.Release|Any CPU.Build.0 = Release|Any CPU
		{DC1A34B7-96B0-49A4-AFA4-EEB7FADA5096}.Debug|Any CPU.ActiveCfg = Debug|Any CPU
		{DC1A34B7-96B0-49A4-AFA4-EEB7FADA5096}.Debug|Any CPU.Build.0 = Debug|Any CPU
		{DC1A34B7-96B0-49A4-AFA4-EEB7FADA5096}.Release|Any CPU.ActiveCfg = Release|Any CPU
		{DC1A34B7-96B0-49A4-AFA4-EEB7FADA5096}.Release|Any CPU.Build.0 = Release|Any CPU
	EndGlobalSection
EndGlobal
