
Microsoft Visual Studio Solution File, Format Version 12.00
Project("{FAE04EC0-301F-11D3-BF4B-00C04F79EFBC}") = "MiniKata5", "MiniKata5\MiniKata5.csproj", "{B02E579C-5724-4A42-906F-A97723C40040}"
EndProject
Project("{FAE04EC0-301F-11D3-BF4B-00C04F79EFBC}") = "Kata5", "Kata5\Kata5.csproj", "{676BFAD5-6E7D-4754-9DCD-1A67BC19B308}"
EndProject
Global
	GlobalSection(SolutionConfigurationPlatforms) = preSolution
		Debug|Any CPU = Debug|Any CPU
		Release|Any CPU = Release|Any CPU
	EndGlobalSection
	GlobalSection(ProjectConfigurationPlatforms) = postSolution
		{B02E579C-5724-4A42-906F-A97723C40040}.Debug|Any CPU.ActiveCfg = Debug|Any CPU
		{B02E579C-5724-4A42-906F-A97723C40040}.Debug|Any CPU.Build.0 = Debug|Any CPU
		{B02E579C-5724-4A42-906F-A97723C40040}.Release|Any CPU.ActiveCfg = Release|Any CPU
		{B02E579C-5724-4A42-906F-A97723C40040}.Release|Any CPU.Build.0 = Release|Any CPU
		{676BFAD5-6E7D-4754-9DCD-1A67BC19B308}.Debug|Any CPU.ActiveCfg = Debug|Any CPU
		{676BFAD5-6E7D-4754-9DCD-1A67BC19B308}.Debug|Any CPU.Build.0 = Debug|Any CPU
		{676BFAD5-6E7D-4754-9DCD-1A67BC19B308}.Release|Any CPU.ActiveCfg = Release|Any CPU
		{676BFAD5-6E7D-4754-9DCD-1A67BC19B308}.Release|Any CPU.Build.0 = Release|Any CPU
	EndGlobalSection
EndGlobal
